// !$*UTF8*$!
{
	archiveVersion = 1;
	classes = {
	};
	objectVersion = 77;
	objects = {

/* Begin PBXBuildFile section */
		061AD85EA63C62EF46ED878C /* SettingsRouter.swift in Sources */ = {isa = PBXBuildFile; fileRef = D5530C66106E615B2D12FE59 /* SettingsRouter.swift */; };
		0CACE322238F109BA2D8064F /* TranscriptionError.swift in Sources */ = {isa = PBXBuildFile; fileRef = BF306C3B5CCA9004B9A0C390 /* TranscriptionError.swift */; };
		135DEAB01BC087CA60A4ADCF /* AudioError.swift in Sources */ = {isa = PBXBuildFile; fileRef = 3DFA25AA63E0C18ED058FF81 /* AudioError.swift */; };
		13A126F681EFAA2E3C2D889D /* Fonts in Resources */ = {isa = PBXBuildFile; fileRef = 6F5C20D87FE271CE5881BA9F /* Fonts */; };
		1569C48BE859342ADB1A8BCB /* PasteboardInjector.swift in Sources */ = {isa = PBXBuildFile; fileRef = 8E3EE5521FFDDE6F40F6DEF5 /* PasteboardInjector.swift */; };
		166EB1C971211F0161C51B80 /* Assets.xcassets in Resources */ = {isa = PBXBuildFile; fileRef = 2B1C73EC2488CF69B7F1907E /* Assets.xcassets */; };
		19457481F83B63E76EE51D26 /* TranscriptionHistoryStore.swift in Sources */ = {isa = PBXBuildFile; fileRef = 0FFEDFC408C13DBE86405472 /* TranscriptionHistoryStore.swift */; };
		1ABFFA8F664A6AEBA304F64B /* Motion.swift in Sources */ = {isa = PBXBuildFile; fileRef = 8CC2861BC34398496AFB9666 /* Motion.swift */; };
		1C2039ED57C2F59D2BAF4B16 /* KeyCap.swift in Sources */ = {isa = PBXBuildFile; fileRef = 5DD8846E2B0AD43605E5424A /* KeyCap.swift */; };
		1C9D2D57044CD6791BC94AB1 /* PermissionManager.swift in Sources */ = {isa = PBXBuildFile; fileRef = B0674CBA47DA797EF8EFF2DC /* PermissionManager.swift */; };
		1E369C6A3BACBA0FF3F5484D /* Buttons.swift in Sources */ = {isa = PBXBuildFile; fileRef = EFA389FB49147E0383FD4E19 /* Buttons.swift */; };
		2548910912D313F488467F64 /* SettingsView.swift in Sources */ = {isa = PBXBuildFile; fileRef = C6C93026BB9AE691B7FC7209 /* SettingsView.swift */; };
		256244A5CBBEB17256224333 /* HotkeyEventDecisionTests.swift in Sources */ = {isa = PBXBuildFile; fileRef = 10D4F45FC49D8B1E72D923CC /* HotkeyEventDecisionTests.swift */; };
		2A297CC4784844B117B37A83 /* FontsTests.swift in Sources */ = {isa = PBXBuildFile; fileRef = 390220034D196834BBB73BF8 /* FontsTests.swift */; };
		2AE491BF33078D918C730B6A /* Colors.swift in Sources */ = {isa = PBXBuildFile; fileRef = 611A67ADB66D7C5956E104ED /* Colors.swift */; };
		2B43818DB3DA7B8096E33EB6 /* Orb.swift in Sources */ = {isa = PBXBuildFile; fileRef = 0499C125D53AE37B4D2E062E /* Orb.swift */; };
		2DCE7A21BCB9625EA921E33E /* DesignTokensTests.swift in Sources */ = {isa = PBXBuildFile; fileRef = EAA16E63693CBD6B6818FDD9 /* DesignTokensTests.swift */; };
		3831437BA6F7FF08C3EB2E8C /* AppStatus.swift in Sources */ = {isa = PBXBuildFile; fileRef = F7B7737371D71E095A6F64B4 /* AppStatus.swift */; };
		3D7ED14A7DE11C1918092141 /* ErrorContent.swift in Sources */ = {isa = PBXBuildFile; fileRef = F3C581246F79AF1B56BF8CCB /* ErrorContent.swift */; };
		45D29304D548463A47481F2B /* HotkeyListener.swift in Sources */ = {isa = PBXBuildFile; fileRef = A8C6D1846F6A89D7FEE29D26 /* HotkeyListener.swift */; };
		46142A0459E73A5A3731C85E /* TextInjector.swift in Sources */ = {isa = PBXBuildFile; fileRef = 435EA3FEEB95FDAC451A3F5A /* TextInjector.swift */; };
		5457024F20E87B91216F1B74 /* AudioConverter.swift in Sources */ = {isa = PBXBuildFile; fileRef = AEAEC90B08A62BFFC4312CF2 /* AudioConverter.swift */; };
		548B63087B11ACCD90BC77DC /* SilenceTrimmerTests.swift in Sources */ = {isa = PBXBuildFile; fileRef = 79044FDD802EC1195682FE23 /* SilenceTrimmerTests.swift */; };
		5525A9A639CE6D7C25252D5B /* SettingsStore.swift in Sources */ = {isa = PBXBuildFile; fileRef = 9638B03B706CD265EE969EB3 /* SettingsStore.swift */; };
		5939999CB205A8080986C54A /* HistoryPopoverView.swift in Sources */ = {isa = PBXBuildFile; fileRef = 3FD7F6FDBEE3E79D8899F889 /* HistoryPopoverView.swift */; };
		5B8573296AE4682592CBDCF6 /* OnboardingView.swift in Sources */ = {isa = PBXBuildFile; fileRef = 8927FC9F3632CDFF6AFD26C2 /* OnboardingView.swift */; };
		614F58D87E323F2D0991B939 /* HotkeyError.swift in Sources */ = {isa = PBXBuildFile; fileRef = EA4B73BC93CDC135E926AA8E /* HotkeyError.swift */; };
		6897182332E6998D23127C93 /* AXTextInjector.swift in Sources */ = {isa = PBXBuildFile; fileRef = EE547EEC96815E00B2D30351 /* AXTextInjector.swift */; };
		6CDB50ED48D202513BDA7E4A /* Waveform.swift in Sources */ = {isa = PBXBuildFile; fileRef = C329881EF62D25530F0ABE6C /* Waveform.swift */; };
		6EC912591A6E8DEB58E5C2CB /* VocabularyTests.swift in Sources */ = {isa = PBXBuildFile; fileRef = 75D3552B8328053EA1C8EF7E /* VocabularyTests.swift */; };
		70EFD700F9EFE53E68D4719E /* Chip.swift in Sources */ = {isa = PBXBuildFile; fileRef = 7980D7E64D5BDD4719957C7A /* Chip.swift */; };
		7B81C10742379C9ADDF05442 /* OverlayRenderTests.swift in Sources */ = {isa = PBXBuildFile; fileRef = CA6658DA0AEAE33EAF46178C /* OverlayRenderTests.swift */; };
		7F051D7849E55A8A86DE6063 /* ComponentRenderTests.swift in Sources */ = {isa = PBXBuildFile; fileRef = 469085334F93C2A3AA864578 /* ComponentRenderTests.swift */; };
		7FA7DDF9C8BB2615F3CB8AF3 /* Typography.swift in Sources */ = {isa = PBXBuildFile; fileRef = 24C912800F8FD21D6EA9533C /* Typography.swift */; };
		853F719472BE04DBCB499A36 /* Spacing.swift in Sources */ = {isa = PBXBuildFile; fileRef = 56FE7212D0BD6FDA33B94913 /* Spacing.swift */; };
		889944D2A663740746BE8853 /* ResultContent.swift in Sources */ = {isa = PBXBuildFile; fileRef = 3D94E8DD440CA952F67B3C00 /* ResultContent.swift */; };
		8935E88B0BE51F6263AD2B9E /* GlassPanel.swift in Sources */ = {isa = PBXBuildFile; fileRef = 45E1D5A7B5AAD34CD9FBC39A /* GlassPanel.swift */; };
		8BD513ED768A02A22573CA84 /* ModelDownloadView.swift in Sources */ = {isa = PBXBuildFile; fileRef = F5882192DF59915DE8D76A85 /* ModelDownloadView.swift */; };
		8F33C1D2ABFF0265BC91A0BB /* AppState.swift in Sources */ = {isa = PBXBuildFile; fileRef = 70424ACE04E03989B1240580 /* AppState.swift */; };
		94FD7BF9F14DF1BF244378E7 /* TranscriptionEngine.swift in Sources */ = {isa = PBXBuildFile; fileRef = D2AB59A4BCDEF24097379ADA /* TranscriptionEngine.swift */; };
		A105C460C0A8400FFAA62535 /* AudioRecorder.swift in Sources */ = {isa = PBXBuildFile; fileRef = 9ED9CD6176F60D082FC1EFE6 /* AudioRecorder.swift */; };
		A5D25FCBF0D82EE0C40A26AB /* SettingsLogicTests.swift in Sources */ = {isa = PBXBuildFile; fileRef = 1C0D9F97EC0BE2790923B7D3 /* SettingsLogicTests.swift */; };
		AD91AD8D3A3199835D4819D1 /* SettingsRow.swift in Sources */ = {isa = PBXBuildFile; fileRef = EC905357278F8564AE990E73 /* SettingsRow.swift */; };
		AE96698161F972BDD8456E38 /* TranscribingContent.swift in Sources */ = {isa = PBXBuildFile; fileRef = B4E5439859065F3EB84CF9B6 /* TranscribingContent.swift */; };
		B330C821678DFDC8F1DB5E70 /* ModelCatalogTests.swift in Sources */ = {isa = PBXBuildFile; fileRef = 6B09F146B901F81429C02DED /* ModelCatalogTests.swift */; };
		B3CFD192C676F31B4B339673 /* AppWindow.swift in Sources */ = {isa = PBXBuildFile; fileRef = AA08B54CFC0D2255738FC319 /* AppWindow.swift */; };
		B7B557F0EBA0351C4177B889 /* SayVoiceApp.swift in Sources */ = {isa = PBXBuildFile; fileRef = 5097803D53133D9C2E6F872B /* SayVoiceApp.swift */; };
		BB83857B2CB706E5618DE9E3 /* Hotkey.swift in Sources */ = {isa = PBXBuildFile; fileRef = 6FB8B98E685AE7F256F18828 /* Hotkey.swift */; };
		C00745177AA84CE59EBD5560 /* ModelRow.swift in Sources */ = {isa = PBXBuildFile; fileRef = 1492AA996134134B84EFE3C9 /* ModelRow.swift */; };
		C3DCE5B9A502A94AA360667F /* SilenceTrimmer.swift in Sources */ = {isa = PBXBuildFile; fileRef = C4E3BF498ACF29D15AE737B6 /* SilenceTrimmer.swift */; };
		C4CA06912FDFCD2F4E6D51B3 /* OverlayView.swift in Sources */ = {isa = PBXBuildFile; fileRef = C40BC4D8C5F4FB50FA3B1969 /* OverlayView.swift */; };
		C6C7BDDF48BC76F0280C6FDA /* DownloadProgressTests.swift in Sources */ = {isa = PBXBuildFile; fileRef = 0911252E3E57A08EF13306C6 /* DownloadProgressTests.swift */; };
		C6D9826598DFB92E11209F25 /* TagField.swift in Sources */ = {isa = PBXBuildFile; fileRef = 60CE0AA4F26073680159E7F1 /* TagField.swift */; };
		C89B080520BCB471F742A40B /* BarEngineTests.swift in Sources */ = {isa = PBXBuildFile; fileRef = 951DBA1E2606550639F386FE /* BarEngineTests.swift */; };
		D5DCA3CD1AD51A3DF493C662 /* ModelDownloads.swift in Sources */ = {isa = PBXBuildFile; fileRef = 8654DDD74ABB6C14EC8CB67B /* ModelDownloads.swift */; };
		D685D265AC5BD14B799BD339 /* TranscriptionEntry.swift in Sources */ = {isa = PBXBuildFile; fileRef = 8E25D74B58C19CCD4E3F0DE1 /* TranscriptionEntry.swift */; };
		D6F3F5C869EDBF00E7479406 /* RecordingContent.swift in Sources */ = {isa = PBXBuildFile; fileRef = E56E8CBE7FB01002E6C77613 /* RecordingContent.swift */; };
		E0D931DC3EC1A5380C35ED50 /* HotkeyRecorder.swift in Sources */ = {isa = PBXBuildFile; fileRef = 05C2F16E781150CA148B8BC0 /* HotkeyRecorder.swift */; };
		E1EF13CF6778866393201F18 /* ModelManager.swift in Sources */ = {isa = PBXBuildFile; fileRef = 6CC9B05F53A6F68425A0D6ED /* ModelManager.swift */; };
		E2F235F0382FE5AFEE5A1E07 /* MenuBarController.swift in Sources */ = {isa = PBXBuildFile; fileRef = 4BCF6449BF5EA83C6BE1A3A7 /* MenuBarController.swift */; };
		E504A47ED427617E1235C4AA /* OverlayModel.swift in Sources */ = {isa = PBXBuildFile; fileRef = 02BA69862721C362C8E02143 /* OverlayModel.swift */; };
		E6FD0390822F0D80142F9986 /* WhisperSwift in Frameworks */ = {isa = PBXBuildFile; productRef = 9813D7F6E6DA4A55316B3781 /* WhisperSwift */; };
		EBD81A007DA7B9C46FE8F1F6 /* Card.swift in Sources */ = {isa = PBXBuildFile; fileRef = 3761F5C786CFB7C552DEFD2C /* Card.swift */; };
		EC45480E0C6DDC5AE7DA9164 /* AppCoordinator.swift in Sources */ = {isa = PBXBuildFile; fileRef = 03F7A9ADE4B1E354F14E0F16 /* AppCoordinator.swift */; };
		F1F5068207284C877BE31443 /* SettingsKeys.swift in Sources */ = {isa = PBXBuildFile; fileRef = 0CE3E78B5078DB6EA1AB3B60 /* SettingsKeys.swift */; };
		F5BE939DE119A3F32CAEC800 /* OverlayWindowController.swift in Sources */ = {isa = PBXBuildFile; fileRef = 99D6FF1337E573C9B9A1EE6C /* OverlayWindowController.swift */; };
		FB2DFC291D9AA36DBEDF7E57 /* SettingsSection.swift in Sources */ = {isa = PBXBuildFile; fileRef = 569ABE33148742844E84836E /* SettingsSection.swift */; };
		FB97F03238C38799B1DDB23F /* DownloadProgress.swift in Sources */ = {isa = PBXBuildFile; fileRef = 04B611C90617138E103CAD6D /* DownloadProgress.swift */; };
/* End PBXBuildFile section */

/* Begin PBXContainerItemProxy section */
		2D373282A04C6CE09BFAAD00 /* PBXContainerItemProxy */ = {
			isa = PBXContainerItemProxy;
			containerPortal = F5CDAC7D07A8012C9EA90A46 /* Project object */;
			proxyType = 1;
			remoteGlobalIDString = 16AFC44C26B107EE9C96BA02;
			remoteInfo = SayVoice;
		};
/* End PBXContainerItemProxy section */

/* Begin PBXFileReference section */
		02BA69862721C362C8E02143 /* OverlayModel.swift */ = {isa = PBXFileReference; lastKnownFileType = sourcecode.swift; path = OverlayModel.swift; sourceTree = "<group>"; };
		03F7A9ADE4B1E354F14E0F16 /* AppCoordinator.swift */ = {isa = PBXFileReference; lastKnownFileType = sourcecode.swift; path = AppCoordinator.swift; sourceTree = "<group>"; };
		0499C125D53AE37B4D2E062E /* Orb.swift */ = {isa = PBXFileReference; lastKnownFileType = sourcecode.swift; path = Orb.swift; sourceTree = "<group>"; };
		04B611C90617138E103CAD6D /* DownloadProgress.swift */ = {isa = PBXFileReference; lastKnownFileType = sourcecode.swift; path = DownloadProgress.swift; sourceTree = "<group>"; };
		05C2F16E781150CA148B8BC0 /* HotkeyRecorder.swift */ = {isa = PBXFileReference; lastKnownFileType = sourcecode.swift; path = HotkeyRecorder.swift; sourceTree = "<group>"; };
		0911252E3E57A08EF13306C6 /* DownloadProgressTests.swift */ = {isa = PBXFileReference; lastKnownFileType = sourcecode.swift; path = DownloadProgressTests.swift; sourceTree = "<group>"; };
		0AD5E2802B500CCC9890B58A /* SayVoice.entitlements */ = {isa = PBXFileReference; lastKnownFileType = text.plist.entitlements; path = SayVoice.entitlements; sourceTree = "<group>"; };
		0CE3E78B5078DB6EA1AB3B60 /* SettingsKeys.swift */ = {isa = PBXFileReference; lastKnownFileType = sourcecode.swift; path = SettingsKeys.swift; sourceTree = "<group>"; };
		0FFEDFC408C13DBE86405472 /* TranscriptionHistoryStore.swift */ = {isa = PBXFileReference; lastKnownFileType = sourcecode.swift; path = TranscriptionHistoryStore.swift; sourceTree = "<group>"; };
		10D4F45FC49D8B1E72D923CC /* HotkeyEventDecisionTests.swift */ = {isa = PBXFileReference; lastKnownFileType = sourcecode.swift; path = HotkeyEventDecisionTests.swift; sourceTree = "<group>"; };
		1492AA996134134B84EFE3C9 /* ModelRow.swift */ = {isa = PBXFileReference; lastKnownFileType = sourcecode.swift; path = ModelRow.swift; sourceTree = "<group>"; };
		1C0D9F97EC0BE2790923B7D3 /* SettingsLogicTests.swift */ = {isa = PBXFileReference; lastKnownFileType = sourcecode.swift; path = SettingsLogicTests.swift; sourceTree = "<group>"; };
		24C912800F8FD21D6EA9533C /* Typography.swift */ = {isa = PBXFileReference; lastKnownFileType = sourcecode.swift; path = Typography.swift; sourceTree = "<group>"; };
		2B1C73EC2488CF69B7F1907E /* Assets.xcassets */ = {isa = PBXFileReference; lastKnownFileType = folder.assetcatalog; path = Assets.xcassets; sourceTree = "<group>"; };
		3761F5C786CFB7C552DEFD2C /* Card.swift */ = {isa = PBXFileReference; lastKnownFileType = sourcecode.swift; path = Card.swift; sourceTree = "<group>"; };
		390220034D196834BBB73BF8 /* FontsTests.swift */ = {isa = PBXFileReference; lastKnownFileType = sourcecode.swift; path = FontsTests.swift; sourceTree = "<group>"; };
		3D94E8DD440CA952F67B3C00 /* ResultContent.swift */ = {isa = PBXFileReference; lastKnownFileType = sourcecode.swift; path = ResultContent.swift; sourceTree = "<group>"; };
		3DFA25AA63E0C18ED058FF81 /* AudioError.swift */ = {isa = PBXFileReference; lastKnownFileType = sourcecode.swift; path = AudioError.swift; sourceTree = "<group>"; };
		3FD7F6FDBEE3E79D8899F889 /* HistoryPopoverView.swift */ = {isa = PBXFileReference; lastKnownFileType = sourcecode.swift; path = HistoryPopoverView.swift; sourceTree = "<group>"; };
		435EA3FEEB95FDAC451A3F5A /* TextInjector.swift */ = {isa = PBXFileReference; lastKnownFileType = sourcecode.swift; path = TextInjector.swift; sourceTree = "<group>"; };
		45E1D5A7B5AAD34CD9FBC39A /* GlassPanel.swift */ = {isa = PBXFileReference; lastKnownFileType = sourcecode.swift; path = GlassPanel.swift; sourceTree = "<group>"; };
		469085334F93C2A3AA864578 /* ComponentRenderTests.swift */ = {isa = PBXFileReference; lastKnownFileType = sourcecode.swift; path = ComponentRenderTests.swift; sourceTree = "<group>"; };
		4BCF6449BF5EA83C6BE1A3A7 /* MenuBarController.swift */ = {isa = PBXFileReference; lastKnownFileType = sourcecode.swift; path = MenuBarController.swift; sourceTree = "<group>"; };
		5097803D53133D9C2E6F872B /* SayVoiceApp.swift */ = {isa = PBXFileReference; lastKnownFileType = sourcecode.swift; path = SayVoiceApp.swift; sourceTree = "<group>"; };
		569ABE33148742844E84836E /* SettingsSection.swift */ = {isa = PBXFileReference; lastKnownFileType = sourcecode.swift; path = SettingsSection.swift; sourceTree = "<group>"; };
		56FE7212D0BD6FDA33B94913 /* Spacing.swift */ = {isa = PBXFileReference; lastKnownFileType = sourcecode.swift; path = Spacing.swift; sourceTree = "<group>"; };
		5DD8846E2B0AD43605E5424A /* KeyCap.swift */ = {isa = PBXFileReference; lastKnownFileType = sourcecode.swift; path = KeyCap.swift; sourceTree = "<group>"; };
		60CE0AA4F26073680159E7F1 /* TagField.swift */ = {isa = PBXFileReference; lastKnownFileType = sourcecode.swift; path = TagField.swift; sourceTree = "<group>"; };
		611A67ADB66D7C5956E104ED /* Colors.swift */ = {isa = PBXFileReference; lastKnownFileType = sourcecode.swift; path = Colors.swift; sourceTree = "<group>"; };
		6B09F146B901F81429C02DED /* ModelCatalogTests.swift */ = {isa = PBXFileReference; lastKnownFileType = sourcecode.swift; path = ModelCatalogTests.swift; sourceTree = "<group>"; };
		6CC9B05F53A6F68425A0D6ED /* ModelManager.swift */ = {isa = PBXFileReference; lastKnownFileType = sourcecode.swift; path = ModelManager.swift; sourceTree = "<group>"; };
		6F5C20D87FE271CE5881BA9F /* Fonts */ = {isa = PBXFileReference; lastKnownFileType = folder; name = Fonts; path = SayVoice/Resources/Fonts; sourceTree = SOURCE_ROOT; };
		6FB8B98E685AE7F256F18828 /* Hotkey.swift */ = {isa = PBXFileReference; lastKnownFileType = sourcecode.swift; path = Hotkey.swift; sourceTree = "<group>"; };
		70424ACE04E03989B1240580 /* AppState.swift */ = {isa = PBXFileReference; lastKnownFileType = sourcecode.swift; path = AppState.swift; sourceTree = "<group>"; };
		75D3552B8328053EA1C8EF7E /* VocabularyTests.swift */ = {isa = PBXFileReference; lastKnownFileType = sourcecode.swift; path = VocabularyTests.swift; sourceTree = "<group>"; };
		79044FDD802EC1195682FE23 /* SilenceTrimmerTests.swift */ = {isa = PBXFileReference; lastKnownFileType = sourcecode.swift; path = SilenceTrimmerTests.swift; sourceTree = "<group>"; };
		7980D7E64D5BDD4719957C7A /* Chip.swift */ = {isa = PBXFileReference; lastKnownFileType = sourcecode.swift; path = Chip.swift; sourceTree = "<group>"; };
		7A4F1C52B9BD89C47338B077 /* SayVoice.app */ = {isa = PBXFileReference; explicitFileType = wrapper.application; includeInIndex = 0; path = SayVoice.app; sourceTree = BUILT_PRODUCTS_DIR; };
		8654DDD74ABB6C14EC8CB67B /* ModelDownloads.swift */ = {isa = PBXFileReference; lastKnownFileType = sourcecode.swift; path = ModelDownloads.swift; sourceTree = "<group>"; };
		8927FC9F3632CDFF6AFD26C2 /* OnboardingView.swift */ = {isa = PBXFileReference; lastKnownFileType = sourcecode.swift; path = OnboardingView.swift; sourceTree = "<group>"; };
		8CC2861BC34398496AFB9666 /* Motion.swift */ = {isa = PBXFileReference; lastKnownFileType = sourcecode.swift; path = Motion.swift; sourceTree = "<group>"; };
		8E25D74B58C19CCD4E3F0DE1 /* TranscriptionEntry.swift */ = {isa = PBXFileReference; lastKnownFileType = sourcecode.swift; path = TranscriptionEntry.swift; sourceTree = "<group>"; };
		8E3EE5521FFDDE6F40F6DEF5 /* PasteboardInjector.swift */ = {isa = PBXFileReference; lastKnownFileType = sourcecode.swift; path = PasteboardInjector.swift; sourceTree = "<group>"; };
		951DBA1E2606550639F386FE /* BarEngineTests.swift */ = {isa = PBXFileReference; lastKnownFileType = sourcecode.swift; path = BarEngineTests.swift; sourceTree = "<group>"; };
		9638B03B706CD265EE969EB3 /* SettingsStore.swift */ = {isa = PBXFileReference; lastKnownFileType = sourcecode.swift; path = SettingsStore.swift; sourceTree = "<group>"; };
		99D6FF1337E573C9B9A1EE6C /* OverlayWindowController.swift */ = {isa = PBXFileReference; lastKnownFileType = sourcecode.swift; path = OverlayWindowController.swift; sourceTree = "<group>"; };
		9BB5DA4EC41BF344AFA1FD55 /* SayVoiceTests.xctest */ = {isa = PBXFileReference; explicitFileType = wrapper.cfbundle; includeInIndex = 0; path = SayVoiceTests.xctest; sourceTree = BUILT_PRODUCTS_DIR; };
		9ED9CD6176F60D082FC1EFE6 /* AudioRecorder.swift */ = {isa = PBXFileReference; lastKnownFileType = sourcecode.swift; path = AudioRecorder.swift; sourceTree = "<group>"; };
		A8C6D1846F6A89D7FEE29D26 /* HotkeyListener.swift */ = {isa = PBXFileReference; lastKnownFileType = sourcecode.swift; path = HotkeyListener.swift; sourceTree = "<group>"; };
		AA08B54CFC0D2255738FC319 /* AppWindow.swift */ = {isa = PBXFileReference; lastKnownFileType = sourcecode.swift; path = AppWindow.swift; sourceTree = "<group>"; };
		AEAEC90B08A62BFFC4312CF2 /* AudioConverter.swift */ = {isa = PBXFileReference; lastKnownFileType = sourcecode.swift; path = AudioConverter.swift; sourceTree = "<group>"; };
		B0674CBA47DA797EF8EFF2DC /* PermissionManager.swift */ = {isa = PBXFileReference; lastKnownFileType = sourcecode.swift; path = PermissionManager.swift; sourceTree = "<group>"; };
		B4E5439859065F3EB84CF9B6 /* TranscribingContent.swift */ = {isa = PBXFileReference; lastKnownFileType = sourcecode.swift; path = TranscribingContent.swift; sourceTree = "<group>"; };
		BA135440D1B0E5309F169BBB /* CWhisper */ = {isa = PBXFileReference; lastKnownFileType = folder; name = CWhisper; path = Packages/CWhisper; sourceTree = SOURCE_ROOT; };
		BF306C3B5CCA9004B9A0C390 /* TranscriptionError.swift */ = {isa = PBXFileReference; lastKnownFileType = sourcecode.swift; path = TranscriptionError.swift; sourceTree = "<group>"; };
		C329881EF62D25530F0ABE6C /* Waveform.swift */ = {isa = PBXFileReference; lastKnownFileType = sourcecode.swift; path = Waveform.swift; sourceTree = "<group>"; };
		C40BC4D8C5F4FB50FA3B1969 /* OverlayView.swift */ = {isa = PBXFileReference; lastKnownFileType = sourcecode.swift; path = OverlayView.swift; sourceTree = "<group>"; };
		C4E3BF498ACF29D15AE737B6 /* SilenceTrimmer.swift */ = {isa = PBXFileReference; lastKnownFileType = sourcecode.swift; path = SilenceTrimmer.swift; sourceTree = "<group>"; };
		C6C93026BB9AE691B7FC7209 /* SettingsView.swift */ = {isa = PBXFileReference; lastKnownFileType = sourcecode.swift; path = SettingsView.swift; sourceTree = "<group>"; };
		CA6658DA0AEAE33EAF46178C /* OverlayRenderTests.swift */ = {isa = PBXFileReference; lastKnownFileType = sourcecode.swift; path = OverlayRenderTests.swift; sourceTree = "<group>"; };
		D2AB59A4BCDEF24097379ADA /* TranscriptionEngine.swift */ = {isa = PBXFileReference; lastKnownFileType = sourcecode.swift; path = TranscriptionEngine.swift; sourceTree = "<group>"; };
		D5530C66106E615B2D12FE59 /* SettingsRouter.swift */ = {isa = PBXFileReference; lastKnownFileType = sourcecode.swift; path = SettingsRouter.swift; sourceTree = "<group>"; };
		E56E8CBE7FB01002E6C77613 /* RecordingContent.swift */ = {isa = PBXFileReference; lastKnownFileType = sourcecode.swift; path = RecordingContent.swift; sourceTree = "<group>"; };
		EA4B73BC93CDC135E926AA8E /* HotkeyError.swift */ = {isa = PBXFileReference; lastKnownFileType = sourcecode.swift; path = HotkeyError.swift; sourceTree = "<group>"; };
		EAA16E63693CBD6B6818FDD9 /* DesignTokensTests.swift */ = {isa = PBXFileReference; lastKnownFileType = sourcecode.swift; path = DesignTokensTests.swift; sourceTree = "<group>"; };
		EC905357278F8564AE990E73 /* SettingsRow.swift */ = {isa = PBXFileReference; lastKnownFileType = sourcecode.swift; path = SettingsRow.swift; sourceTree = "<group>"; };
		EE547EEC96815E00B2D30351 /* AXTextInjector.swift */ = {isa = PBXFileReference; lastKnownFileType = sourcecode.swift; path = AXTextInjector.swift; sourceTree = "<group>"; };
		EFA389FB49147E0383FD4E19 /* Buttons.swift */ = {isa = PBXFileReference; lastKnownFileType = sourcecode.swift; path = Buttons.swift; sourceTree = "<group>"; };
		F3C581246F79AF1B56BF8CCB /* ErrorContent.swift */ = {isa = PBXFileReference; lastKnownFileType = sourcecode.swift; path = ErrorContent.swift; sourceTree = "<group>"; };
		F5882192DF59915DE8D76A85 /* ModelDownloadView.swift */ = {isa = PBXFileReference; lastKnownFileType = sourcecode.swift; path = ModelDownloadView.swift; sourceTree = "<group>"; };
		F7B7737371D71E095A6F64B4 /* AppStatus.swift */ = {isa = PBXFileReference; lastKnownFileType = sourcecode.swift; path = AppStatus.swift; sourceTree = "<group>"; };
/* End PBXFileReference section */

/* Begin PBXFrameworksBuildPhase section */
		C7E413C17DB4294F07509B5B /* Frameworks */ = {
			isa = PBXFrameworksBuildPhase;
			buildActionMask = 2147483647;
			files = (
				E6FD0390822F0D80142F9986 /* WhisperSwift in Frameworks */,
			);
			runOnlyForDeploymentPostprocessing = 0;
		};
/* End PBXFrameworksBuildPhase section */

/* Begin PBXGroup section */
		0366B5085E57387C91F06B0C /* Audio */ = {
			isa = PBXGroup;
			children = (
				AEAEC90B08A62BFFC4312CF2 /* AudioConverter.swift */,
				3DFA25AA63E0C18ED058FF81 /* AudioError.swift */,
				9ED9CD6176F60D082FC1EFE6 /* AudioRecorder.swift */,
				C4E3BF498ACF29D15AE737B6 /* SilenceTrimmer.swift */,
			);
			path = Audio;
			sourceTree = "<group>";
		};
		093F6D7FC953FE6CDA7BAF04 /* Transcription */ = {
			isa = PBXGroup;
			children = (
				D2AB59A4BCDEF24097379ADA /* TranscriptionEngine.swift */,
				BF306C3B5CCA9004B9A0C390 /* TranscriptionError.swift */,
			);
			path = Transcription;
			sourceTree = "<group>";
		};
		09932710312C68E584BD54AE = {
			isa = PBXGroup;
			children = (
				6F5C20D87FE271CE5881BA9F /* Fonts */,
				0D37BB8FF0375CDF1A7689B7 /* Packages */,
				D35179EF1EC8D31068C92731 /* SayVoice */,
				1FBD12774704F732A2BC8E49 /* SayVoiceTests */,
				647E55898CB154F0FB787C52 /* Products */,
			);
			sourceTree = "<group>";
		};
		0D37BB8FF0375CDF1A7689B7 /* Packages */ = {
			isa = PBXGroup;
			children = (
				BA135440D1B0E5309F169BBB /* CWhisper */,
			);
			path = Packages;
			sourceTree = "<group>";
		};
		1291932BECFBF40EDE673885 /* History */ = {
			isa = PBXGroup;
			children = (
				8E25D74B58C19CCD4E3F0DE1 /* TranscriptionEntry.swift */,
				0FFEDFC408C13DBE86405472 /* TranscriptionHistoryStore.swift */,
			);
			path = History;
			sourceTree = "<group>";
		};
		15CCE78165A79FD850B08078 /* Resources */ = {
			isa = PBXGroup;
			children = (
				2B1C73EC2488CF69B7F1907E /* Assets.xcassets */,
				0AD5E2802B500CCC9890B58A /* SayVoice.entitlements */,
			);
			path = Resources;
			sourceTree = "<group>";
		};
		1FBD12774704F732A2BC8E49 /* SayVoiceTests */ = {
			isa = PBXGroup;
			children = (
				951DBA1E2606550639F386FE /* BarEngineTests.swift */,
				469085334F93C2A3AA864578 /* ComponentRenderTests.swift */,
				EAA16E63693CBD6B6818FDD9 /* DesignTokensTests.swift */,
				0911252E3E57A08EF13306C6 /* DownloadProgressTests.swift */,
				390220034D196834BBB73BF8 /* FontsTests.swift */,
				10D4F45FC49D8B1E72D923CC /* HotkeyEventDecisionTests.swift */,
				6B09F146B901F81429C02DED /* ModelCatalogTests.swift */,
				CA6658DA0AEAE33EAF46178C /* OverlayRenderTests.swift */,
				1C0D9F97EC0BE2790923B7D3 /* SettingsLogicTests.swift */,
				79044FDD802EC1195682FE23 /* SilenceTrimmerTests.swift */,
				75D3552B8328053EA1C8EF7E /* VocabularyTests.swift */,
			);
			name = SayVoiceTests;
			path = Tests/SayVoiceTests;
			sourceTree = "<group>";
		};
		23A36C18E1801C3B1D898DE5 /* UI */ = {
			isa = PBXGroup;
			children = (
				3FD7F6FDBEE3E79D8899F889 /* HistoryPopoverView.swift */,
				4BCF6449BF5EA83C6BE1A3A7 /* MenuBarController.swift */,
				8927FC9F3632CDFF6AFD26C2 /* OnboardingView.swift */,
				C6C93026BB9AE691B7FC7209 /* SettingsView.swift */,
			);
			path = UI;
			sourceTree = "<group>";
		};
		555D101735706547ED26B1BC /* DesignSystem */ = {
			isa = PBXGroup;
			children = (
				AE420D6D606E1D33DA0E30F7 /* Components */,
				68715002FD373BCE11B6F86E /* Tokens */,
			);
			path = DesignSystem;
			sourceTree = "<group>";
		};
		5AD89071166A79754A2DB74C /* App */ = {
			isa = PBXGroup;
			children = (
				03F7A9ADE4B1E354F14E0F16 /* AppCoordinator.swift */,
				70424ACE04E03989B1240580 /* AppState.swift */,
				F7B7737371D71E095A6F64B4 /* AppStatus.swift */,
				AA08B54CFC0D2255738FC319 /* AppWindow.swift */,
				5097803D53133D9C2E6F872B /* SayVoiceApp.swift */,
			);
			path = App;
			sourceTree = "<group>";
		};
		647E55898CB154F0FB787C52 /* Products */ = {
			isa = PBXGroup;
			children = (
				7A4F1C52B9BD89C47338B077 /* SayVoice.app */,
				9BB5DA4EC41BF344AFA1FD55 /* SayVoiceTests.xctest */,
			);
			name = Products;
			sourceTree = "<group>";
		};
		68715002FD373BCE11B6F86E /* Tokens */ = {
			isa = PBXGroup;
			children = (
				611A67ADB66D7C5956E104ED /* Colors.swift */,
				8CC2861BC34398496AFB9666 /* Motion.swift */,
				56FE7212D0BD6FDA33B94913 /* Spacing.swift */,
				24C912800F8FD21D6EA9533C /* Typography.swift */,
			);
			path = Tokens;
			sourceTree = "<group>";
		};
		6B3D21B14CAAA4A8FF3B46B1 /* HotkeyListener */ = {
			isa = PBXGroup;
			children = (
				6FB8B98E685AE7F256F18828 /* Hotkey.swift */,
				EA4B73BC93CDC135E926AA8E /* HotkeyError.swift */,
				A8C6D1846F6A89D7FEE29D26 /* HotkeyListener.swift */,
			);
			path = HotkeyListener;
			sourceTree = "<group>";
		};
		6C8A1400D3483E38C5AF0FCC /* TextInjection */ = {
			isa = PBXGroup;
			children = (
				EE547EEC96815E00B2D30351 /* AXTextInjector.swift */,
				8E3EE5521FFDDE6F40F6DEF5 /* PasteboardInjector.swift */,
				435EA3FEEB95FDAC451A3F5A /* TextInjector.swift */,
			);
			path = TextInjection;
			sourceTree = "<group>";
		};
		85D3B53D4E881A2E9E5BC98B /* ModelManagement */ = {
			isa = PBXGroup;
			children = (
				F5882192DF59915DE8D76A85 /* ModelDownloadView.swift */,
				6CC9B05F53A6F68425A0D6ED /* ModelManager.swift */,
			);
			path = ModelManagement;
			sourceTree = "<group>";
		};
		8F229546FFDC3EC32C894481 /* Overlay */ = {
			isa = PBXGroup;
			children = (
				F3C581246F79AF1B56BF8CCB /* ErrorContent.swift */,
				02BA69862721C362C8E02143 /* OverlayModel.swift */,
				C40BC4D8C5F4FB50FA3B1969 /* OverlayView.swift */,
				99D6FF1337E573C9B9A1EE6C /* OverlayWindowController.swift */,
				E56E8CBE7FB01002E6C77613 /* RecordingContent.swift */,
				3D94E8DD440CA952F67B3C00 /* ResultContent.swift */,
				B4E5439859065F3EB84CF9B6 /* TranscribingContent.swift */,
			);
			path = Overlay;
			sourceTree = "<group>";
		};
		8F257D21BAA030BD1D7E36FE /* Features */ = {
			isa = PBXGroup;
			children = (
				8F229546FFDC3EC32C894481 /* Overlay */,
				DD0C5972D22BFCBCA4B95797 /* Settings */,
			);
			path = Features;
			sourceTree = "<group>";
		};
		AE420D6D606E1D33DA0E30F7 /* Components */ = {
			isa = PBXGroup;
			children = (
				EFA389FB49147E0383FD4E19 /* Buttons.swift */,
				3761F5C786CFB7C552DEFD2C /* Card.swift */,
				7980D7E64D5BDD4719957C7A /* Chip.swift */,
				04B611C90617138E103CAD6D /* DownloadProgress.swift */,
				45E1D5A7B5AAD34CD9FBC39A /* GlassPanel.swift */,
				5DD8846E2B0AD43605E5424A /* KeyCap.swift */,
				1492AA996134134B84EFE3C9 /* ModelRow.swift */,
				0499C125D53AE37B4D2E062E /* Orb.swift */,
				EC905357278F8564AE990E73 /* SettingsRow.swift */,
				60CE0AA4F26073680159E7F1 /* TagField.swift */,
				C329881EF62D25530F0ABE6C /* Waveform.swift */,
			);
			path = Components;
			sourceTree = "<group>";
		};
		D35179EF1EC8D31068C92731 /* SayVoice */ = {
			isa = PBXGroup;
			children = (
				5AD89071166A79754A2DB74C /* App */,
				0366B5085E57387C91F06B0C /* Audio */,
				555D101735706547ED26B1BC /* DesignSystem */,
				8F257D21BAA030BD1D7E36FE /* Features */,
				1291932BECFBF40EDE673885 /* History */,
				6B3D21B14CAAA4A8FF3B46B1 /* HotkeyListener */,
				85D3B53D4E881A2E9E5BC98B /* ModelManagement */,
				E028F56169F9D62CE4E92C46 /* Permissions */,
				15CCE78165A79FD850B08078 /* Resources */,
				F9818E986B14E2791BCEFCCA /* Settings */,
				6C8A1400D3483E38C5AF0FCC /* TextInjection */,
				093F6D7FC953FE6CDA7BAF04 /* Transcription */,
				23A36C18E1801C3B1D898DE5 /* UI */,
			);
			path = SayVoice;
			sourceTree = "<group>";
		};
		DD0C5972D22BFCBCA4B95797 /* Settings */ = {
			isa = PBXGroup;
			children = (
				05C2F16E781150CA148B8BC0 /* HotkeyRecorder.swift */,
				8654DDD74ABB6C14EC8CB67B /* ModelDownloads.swift */,
				D5530C66106E615B2D12FE59 /* SettingsRouter.swift */,
				569ABE33148742844E84836E /* SettingsSection.swift */,
			);
			path = Settings;
			sourceTree = "<group>";
		};
		E028F56169F9D62CE4E92C46 /* Permissions */ = {
			isa = PBXGroup;
			children = (
				B0674CBA47DA797EF8EFF2DC /* PermissionManager.swift */,
			);
			path = Permissions;
			sourceTree = "<group>";
		};
		F9818E986B14E2791BCEFCCA /* Settings */ = {
			isa = PBXGroup;
			children = (
				0CE3E78B5078DB6EA1AB3B60 /* SettingsKeys.swift */,
				9638B03B706CD265EE969EB3 /* SettingsStore.swift */,
			);
			path = Settings;
			sourceTree = "<group>";
		};
/* End PBXGroup section */

/* Begin PBXNativeTarget section */
		16AFC44C26B107EE9C96BA02 /* SayVoice */ = {
			isa = PBXNativeTarget;
			buildConfigurationList = CCAD43F08BB8EEE17B7F61F7 /* Build configuration list for PBXNativeTarget "SayVoice" */;
			buildPhases = (
				22509E7CDACFC10F6D231299 /* Sources */,
				690217EF83ADDF62638BD209 /* Resources */,
				C7E413C17DB4294F07509B5B /* Frameworks */,
			);
			buildRules = (
			);
			dependencies = (
			);
			name = SayVoice;
			packageProductDependencies = (
				9813D7F6E6DA4A55316B3781 /* WhisperSwift */,
			);
			productName = SayVoice;
			productReference = 7A4F1C52B9BD89C47338B077 /* SayVoice.app */;
			productType = "com.apple.product-type.application";
		};
		D6557203EA107D570BF3599E /* SayVoiceTests */ = {
			isa = PBXNativeTarget;
			buildConfigurationList = DC9562AF2D45F90F2F603B0B /* Build configuration list for PBXNativeTarget "SayVoiceTests" */;
			buildPhases = (
				B15284A277AF040571C277DC /* Sources */,
			);
			buildRules = (
			);
			dependencies = (
				02CC4D1B8ED242D2E8D71F39 /* PBXTargetDependency */,
			);
			name = SayVoiceTests;
			packageProductDependencies = (
			);
			productName = SayVoiceTests;
			productReference = 9BB5DA4EC41BF344AFA1FD55 /* SayVoiceTests.xctest */;
			productType = "com.apple.product-type.bundle.unit-test";
		};
/* End PBXNativeTarget section */

/* Begin PBXProject section */
		F5CDAC7D07A8012C9EA90A46 /* Project object */ = {
			isa = PBXProject;
			attributes = {
				BuildIndependentTargetsInParallel = YES;
				LastUpgradeCheck = 2600;
				TargetAttributes = {
					16AFC44C26B107EE9C96BA02 = {
						ProvisioningStyle = Manual;
					};
					D6557203EA107D570BF3599E = {
						ProvisioningStyle = Manual;
					};
				};
			};
			buildConfigurationList = B11D181A014E2C048EF3151F /* Build configuration list for PBXProject "SayVoice" */;
			developmentRegion = en;
			hasScannedForEncodings = 0;
			knownRegions = (
				Base,
				en,
			);
			mainGroup = 09932710312C68E584BD54AE;
			minimizedProjectReferenceProxies = 1;
			packageReferences = (
				74033F23159AF731184653C3 /* XCLocalSwiftPackageReference "Packages/CWhisper" */,
			);
			preferredProjectObjectVersion = 77;
			productRefGroup = 647E55898CB154F0FB787C52 /* Products */;
			projectDirPath = "";
			projectRoot = "";
			targets = (
				16AFC44C26B107EE9C96BA02 /* SayVoice */,
				D6557203EA107D570BF3599E /* SayVoiceTests */,
			);
		};
/* End PBXProject section */

/* Begin PBXResourcesBuildPhase section */
		690217EF83ADDF62638BD209 /* Resources */ = {
			isa = PBXResourcesBuildPhase;
			buildActionMask = 2147483647;
			files = (
				166EB1C971211F0161C51B80 /* Assets.xcassets in Resources */,
				13A126F681EFAA2E3C2D889D /* Fonts in Resources */,
			);
			runOnlyForDeploymentPostprocessing = 0;
		};
/* End PBXResourcesBuildPhase section */

/* Begin PBXSourcesBuildPhase section */
		22509E7CDACFC10F6D231299 /* Sources */ = {
			isa = PBXSourcesBuildPhase;
			buildActionMask = 2147483647;
			files = (
				6897182332E6998D23127C93 /* AXTextInjector.swift in Sources */,
				EC45480E0C6DDC5AE7DA9164 /* AppCoordinator.swift in Sources */,
				8F33C1D2ABFF0265BC91A0BB /* AppState.swift in Sources */,
				3831437BA6F7FF08C3EB2E8C /* AppStatus.swift in Sources */,
				B3CFD192C676F31B4B339673 /* AppWindow.swift in Sources */,
				5457024F20E87B91216F1B74 /* AudioConverter.swift in Sources */,
				135DEAB01BC087CA60A4ADCF /* AudioError.swift in Sources */,
				A105C460C0A8400FFAA62535 /* AudioRecorder.swift in Sources */,
				1E369C6A3BACBA0FF3F5484D /* Buttons.swift in Sources */,
				EBD81A007DA7B9C46FE8F1F6 /* Card.swift in Sources */,
				70EFD700F9EFE53E68D4719E /* Chip.swift in Sources */,
				2AE491BF33078D918C730B6A /* Colors.swift in Sources */,
				FB97F03238C38799B1DDB23F /* DownloadProgress.swift in Sources */,
				3D7ED14A7DE11C1918092141 /* ErrorContent.swift in Sources */,
				8935E88B0BE51F6263AD2B9E /* GlassPanel.swift in Sources */,
				5939999CB205A8080986C54A /* HistoryPopoverView.swift in Sources */,
				BB83857B2CB706E5618DE9E3 /* Hotkey.swift in Sources */,
				614F58D87E323F2D0991B939 /* HotkeyError.swift in Sources */,
				45D29304D548463A47481F2B /* HotkeyListener.swift in Sources */,
				E0D931DC3EC1A5380C35ED50 /* HotkeyRecorder.swift in Sources */,
				1C2039ED57C2F59D2BAF4B16 /* KeyCap.swift in Sources */,
				E2F235F0382FE5AFEE5A1E07 /* MenuBarController.swift in Sources */,
				8BD513ED768A02A22573CA84 /* ModelDownloadView.swift in Sources */,
				D5DCA3CD1AD51A3DF493C662 /* ModelDownloads.swift in Sources */,
				E1EF13CF6778866393201F18 /* ModelManager.swift in Sources */,
				C00745177AA84CE59EBD5560 /* ModelRow.swift in Sources */,
				1ABFFA8F664A6AEBA304F64B /* Motion.swift in Sources */,
				5B8573296AE4682592CBDCF6 /* OnboardingView.swift in Sources */,
				2B43818DB3DA7B8096E33EB6 /* Orb.swift in Sources */,
				E504A47ED427617E1235C4AA /* OverlayModel.swift in Sources */,
				C4CA06912FDFCD2F4E6D51B3 /* OverlayView.swift in Sources */,
				F5BE939DE119A3F32CAEC800 /* OverlayWindowController.swift in Sources */,
				1569C48BE859342ADB1A8BCB /* PasteboardInjector.swift in Sources */,
				1C9D2D57044CD6791BC94AB1 /* PermissionManager.swift in Sources */,
				D6F3F5C869EDBF00E7479406 /* RecordingContent.swift in Sources */,
				889944D2A663740746BE8853 /* ResultContent.swift in Sources */,
				B7B557F0EBA0351C4177B889 /* SayVoiceApp.swift in Sources */,
				F1F5068207284C877BE31443 /* SettingsKeys.swift in Sources */,
				061AD85EA63C62EF46ED878C /* SettingsRouter.swift in Sources */,
				AD91AD8D3A3199835D4819D1 /* SettingsRow.swift in Sources */,
				FB2DFC291D9AA36DBEDF7E57 /* SettingsSection.swift in Sources */,
				5525A9A639CE6D7C25252D5B /* SettingsStore.swift in Sources */,
				2548910912D313F488467F64 /* SettingsView.swift in Sources */,
				C3DCE5B9A502A94AA360667F /* SilenceTrimmer.swift in Sources */,
				853F719472BE04DBCB499A36 /* Spacing.swift in Sources */,
				C6D9826598DFB92E11209F25 /* TagField.swift in Sources */,
				46142A0459E73A5A3731C85E /* TextInjector.swift in Sources */,
				AE96698161F972BDD8456E38 /* TranscribingContent.swift in Sources */,
				94FD7BF9F14DF1BF244378E7 /* TranscriptionEngine.swift in Sources */,
				D685D265AC5BD14B799BD339 /* TranscriptionEntry.swift in Sources */,
				0CACE322238F109BA2D8064F /* TranscriptionError.swift in Sources */,
				19457481F83B63E76EE51D26 /* TranscriptionHistoryStore.swift in Sources */,
				7FA7DDF9C8BB2615F3CB8AF3 /* Typography.swift in Sources */,
				6CDB50ED48D202513BDA7E4A /* Waveform.swift in Sources */,
			);
			runOnlyForDeploymentPostprocessing = 0;
		};
		B15284A277AF040571C277DC /* Sources */ = {
			isa = PBXSourcesBuildPhase;
			buildActionMask = 2147483647;
			files = (
				C89B080520BCB471F742A40B /* BarEngineTests.swift in Sources */,
				7F051D7849E55A8A86DE6063 /* ComponentRenderTests.swift in Sources */,
				2DCE7A21BCB9625EA921E33E /* DesignTokensTests.swift in Sources */,
				C6C7BDDF48BC76F0280C6FDA /* DownloadProgressTests.swift in Sources */,
				2A297CC4784844B117B37A83 /* FontsTests.swift in Sources */,
				256244A5CBBEB17256224333 /* HotkeyEventDecisionTests.swift in Sources */,
				B330C821678DFDC8F1DB5E70 /* ModelCatalogTests.swift in Sources */,
				7B81C10742379C9ADDF05442 /* OverlayRenderTests.swift in Sources */,
				A5D25FCBF0D82EE0C40A26AB /* SettingsLogicTests.swift in Sources */,
				548B63087B11ACCD90BC77DC /* SilenceTrimmerTests.swift in Sources */,
				6EC912591A6E8DEB58E5C2CB /* VocabularyTests.swift in Sources */,
			);
			runOnlyForDeploymentPostprocessing = 0;
		};
/* End PBXSourcesBuildPhase section */

/* Begin PBXTargetDependency section */
		02CC4D1B8ED242D2E8D71F39 /* PBXTargetDependency */ = {
			isa = PBXTargetDependency;
			target = 16AFC44C26B107EE9C96BA02 /* SayVoice */;
			targetProxy = 2D373282A04C6CE09BFAAD00 /* PBXContainerItemProxy */;
		};
/* End PBXTargetDependency section */

/* Begin XCBuildConfiguration section */
		1EA1BDC6979A6CC93F8DEE5E /* Debug */ = {
			isa = XCBuildConfiguration;
			buildSettings = {
				BUNDLE_LOADER = "$(TEST_HOST)";
				CODE_SIGN_IDENTITY = "-";
				CODE_SIGN_STYLE = Manual;
				COMBINE_HIDPI_IMAGES = YES;
				GENERATE_INFOPLIST_FILE = YES;
				LD_RUNPATH_SEARCH_PATHS = (
					"$(inherited)",
					"@executable_path/../Frameworks",
					"@loader_path/../Frameworks",
				);
				PRODUCT_BUNDLE_IDENTIFIER = com.sayvoice.SayVoiceTests;
				SDKROOT = macosx;
				SWIFT_STRICT_CONCURRENCY = complete;
				SWIFT_VERSION = 6.0;
				TEST_HOST = "$(BUILT_PRODUCTS_DIR)/SayVoice.app/Contents/MacOS/SayVoice";
			};
			name = Debug;
		};
		9CDC0931E8A2595DC9441C5C /* Debug */ = {
			isa = XCBuildConfiguration;
			buildSettings = {
				ASSETCATALOG_COMPILER_APPICON_NAME = AppIcon;
				CODE_SIGN_ENTITLEMENTS = SayVoice/Resources/SayVoice.entitlements;
				CODE_SIGN_IDENTITY = "-";
				CODE_SIGN_STYLE = Manual;
				COMBINE_HIDPI_IMAGES = YES;
				ENABLE_HARDENED_RUNTIME = NO;
				INFOPLIST_FILE = SayVoice/Resources/Info.plist;
				LD_RUNPATH_SEARCH_PATHS = (
					"$(inherited)",
					"@executable_path/../Frameworks",
				);
				PRODUCT_BUNDLE_IDENTIFIER = com.sayvoice.app;
				PRODUCT_NAME = SayVoice;
				SDKROOT = macosx;
			};
			name = Debug;
		};
		9D743E5B675F21B74EB7C7EF /* Release */ = {
			isa = XCBuildConfiguration;
			buildSettings = {
				ASSETCATALOG_COMPILER_APPICON_NAME = AppIcon;
				CODE_SIGN_ENTITLEMENTS = SayVoice/Resources/SayVoice.entitlements;
				CODE_SIGN_IDENTITY = "-";
				CODE_SIGN_STYLE = Manual;
				COMBINE_HIDPI_IMAGES = YES;
				ENABLE_HARDENED_RUNTIME = NO;
				INFOPLIST_FILE = SayVoice/Resources/Info.plist;
				LD_RUNPATH_SEARCH_PATHS = (
					"$(inherited)",
					"@executable_path/../Frameworks",
				);
				PRODUCT_BUNDLE_IDENTIFIER = com.sayvoice.app;
				PRODUCT_NAME = SayVoice;
				SDKROOT = macosx;
			};
			name = Release;
		};
		D0CD06562B36D81C5DEC22AF /* Debug */ = {
			isa = XCBuildConfiguration;
			buildSettings = {
				ALWAYS_SEARCH_USER_PATHS = NO;
				CLANG_ANALYZER_NONNULL = YES;
				CLANG_ANALYZER_NUMBER_OBJECT_CONVERSION = YES_AGGRESSIVE;
				CLANG_CXX_LANGUAGE_STANDARD = "gnu++14";
				CLANG_CXX_LIBRARY = "libc++";
				CLANG_ENABLE_MODULES = YES;
				CLANG_ENABLE_OBJC_ARC = YES;
				CLANG_ENABLE_OBJC_WEAK = YES;
				CLANG_WARN_BLOCK_CAPTURE_AUTORELEASING = YES;
				CLANG_WARN_BOOL_CONVERSION = YES;
				CLANG_WARN_COMMA = YES;
				CLANG_WARN_CONSTANT_CONVERSION = YES;
				CLANG_WARN_DEPRECATED_OBJC_IMPLEMENTATIONS = YES;
				CLANG_WARN_DIRECT_OBJC_ISA_USAGE = YES_ERROR;
				CLANG_WARN_DOCUMENTATION_COMMENTS = YES;
				CLANG_WARN_EMPTY_BODY = YES;
				CLANG_WARN_ENUM_CONVERSION = YES;
				CLANG_WARN_INFINITE_RECURSION = YES;
				CLANG_WARN_INT_CONVERSION = YES;
				CLANG_WARN_NON_LITERAL_NULL_CONVERSION = YES;
				CLANG_WARN_OBJC_IMPLICIT_RETAIN_SELF = YES;
				CLANG_WARN_OBJC_LITERAL_CONVERSION = YES;
				CLANG_WARN_OBJC_ROOT_CLASS = YES_ERROR;
				CLANG_WARN_QUOTED_INCLUDE_IN_FRAMEWORK_HEADER = YES;
				CLANG_WARN_RANGE_LOOP_ANALYSIS = YES;
				CLANG_WARN_STRICT_PROTOTYPES = YES;
				CLANG_WARN_SUSPICIOUS_MOVE = YES;
				CLANG_WARN_UNGUARDED_AVAILABILITY = YES_AGGRESSIVE;
				CLANG_WARN_UNREACHABLE_CODE = YES;
				CLANG_WARN__DUPLICATE_METHOD_MATCH = YES;
				COPY_PHASE_STRIP = NO;
				DEBUG_INFORMATION_FORMAT = dwarf;
				ENABLE_STRICT_OBJC_MSGSEND = YES;
				ENABLE_TESTABILITY = YES;
				GCC_C_LANGUAGE_STANDARD = gnu11;
				GCC_DYNAMIC_NO_PIC = NO;
				GCC_NO_COMMON_BLOCKS = YES;
				GCC_OPTIMIZATION_LEVEL = 0;
				GCC_PREPROCESSOR_DEFINITIONS = (
					"$(inherited)",
					"DEBUG=1",
				);
				GCC_WARN_64_TO_32_BIT_CONVERSION = YES;
				GCC_WARN_ABOUT_RETURN_TYPE = YES_ERROR;
				GCC_WARN_UNDECLARED_SELECTOR = YES;
				GCC_WARN_UNINITIALIZED_AUTOS = YES_AGGRESSIVE;
				GCC_WARN_UNUSED_FUNCTION = YES;
				GCC_WARN_UNUSED_VARIABLE = YES;
				MACOSX_DEPLOYMENT_TARGET = 26.0;
				MTL_ENABLE_DEBUG_INFO = INCLUDE_SOURCE;
				MTL_FAST_MATH = YES;
				ONLY_ACTIVE_ARCH = YES;
				PRODUCT_NAME = "$(TARGET_NAME)";
				SDKROOT = macosx;
				SWIFT_ACTIVE_COMPILATION_CONDITIONS = DEBUG;
				SWIFT_OPTIMIZATION_LEVEL = "-Onone";
				SWIFT_STRICT_CONCURRENCY = complete;
				SWIFT_VERSION = 6.0;
			};
			name = Debug;
		};
		EB0FC4DBA2BE27DA62A67154 /* Release */ = {
			isa = XCBuildConfiguration;
			buildSettings = {
				BUNDLE_LOADER = "$(TEST_HOST)";
				CODE_SIGN_IDENTITY = "-";
				CODE_SIGN_STYLE = Manual;
				COMBINE_HIDPI_IMAGES = YES;
				GENERATE_INFOPLIST_FILE = YES;
				LD_RUNPATH_SEARCH_PATHS = (
					"$(inherited)",
					"@executable_path/../Frameworks",
					"@loader_path/../Frameworks",
				);
				PRODUCT_BUNDLE_IDENTIFIER = com.sayvoice.SayVoiceTests;
				SDKROOT = macosx;
				SWIFT_STRICT_CONCURRENCY = complete;
				SWIFT_VERSION = 6.0;
				TEST_HOST = "$(BUILT_PRODUCTS_DIR)/SayVoice.app/Contents/MacOS/SayVoice";
			};
			name = Release;
		};
		F13323B740725520714A9123 /* Release */ = {
			isa = XCBuildConfiguration;
			buildSettings = {
				ALWAYS_SEARCH_USER_PATHS = NO;
				CLANG_ANALYZER_NONNULL = YES;
				CLANG_ANALYZER_NUMBER_OBJECT_CONVERSION = YES_AGGRESSIVE;
				CLANG_CXX_LANGUAGE_STANDARD = "gnu++14";
				CLANG_CXX_LIBRARY = "libc++";
				CLANG_ENABLE_MODULES = YES;
				CLANG_ENABLE_OBJC_ARC = YES;
				CLANG_ENABLE_OBJC_WEAK = YES;
				CLANG_WARN_BLOCK_CAPTURE_AUTORELEASING = YES;
				CLANG_WARN_BOOL_CONVERSION = YES;
				CLANG_WARN_COMMA = YES;
				CLANG_WARN_CONSTANT_CONVERSION = YES;
				CLANG_WARN_DEPRECATED_OBJC_IMPLEMENTATIONS = YES;
				CLANG_WARN_DIRECT_OBJC_ISA_USAGE = YES_ERROR;
				CLANG_WARN_DOCUMENTATION_COMMENTS = YES;
				CLANG_WARN_EMPTY_BODY = YES;
				CLANG_WARN_ENUM_CONVERSION = YES;
				CLANG_WARN_INFINITE_RECURSION = YES;
				CLANG_WARN_INT_CONVERSION = YES;
				CLANG_WARN_NON_LITERAL_NULL_CONVERSION = YES;
				CLANG_WARN_OBJC_IMPLICIT_RETAIN_SELF = YES;
				CLANG_WARN_OBJC_LITERAL_CONVERSION = YES;
				CLANG_WARN_OBJC_ROOT_CLASS = YES_ERROR;
				CLANG_WARN_QUOTED_INCLUDE_IN_FRAMEWORK_HEADER = YES;
				CLANG_WARN_RANGE_LOOP_ANALYSIS = YES;
				CLANG_WARN_STRICT_PROTOTYPES = YES;
				CLANG_WARN_SUSPICIOUS_MOVE = YES;
				CLANG_WARN_UNGUARDED_AVAILABILITY = YES_AGGRESSIVE;
				CLANG_WARN_UNREACHABLE_CODE = YES;
				CLANG_WARN__DUPLICATE_METHOD_MATCH = YES;
				COPY_PHASE_STRIP = NO;
				DEBUG_INFORMATION_FORMAT = "dwarf-with-dsym";
				ENABLE_NS_ASSERTIONS = NO;
				ENABLE_STRICT_OBJC_MSGSEND = YES;
				GCC_C_LANGUAGE_STANDARD = gnu11;
				GCC_NO_COMMON_BLOCKS = YES;
				GCC_WARN_64_TO_32_BIT_CONVERSION = YES;
				GCC_WARN_ABOUT_RETURN_TYPE = YES_ERROR;
				GCC_WARN_UNDECLARED_SELECTOR = YES;
				GCC_WARN_UNINITIALIZED_AUTOS = YES_AGGRESSIVE;
				GCC_WARN_UNUSED_FUNCTION = YES;
				GCC_WARN_UNUSED_VARIABLE = YES;
				MACOSX_DEPLOYMENT_TARGET = 26.0;
				MTL_ENABLE_DEBUG_INFO = NO;
				MTL_FAST_MATH = YES;
				PRODUCT_NAME = "$(TARGET_NAME)";
				SDKROOT = macosx;
				SWIFT_COMPILATION_MODE = wholemodule;
				SWIFT_OPTIMIZATION_LEVEL = "-O";
				SWIFT_STRICT_CONCURRENCY = complete;
				SWIFT_VERSION = 6.0;
			};
			name = Release;
		};
/* End XCBuildConfiguration section */

/* Begin XCConfigurationList section */
		B11D181A014E2C048EF3151F /* Build configuration list for PBXProject "SayVoice" */ = {
			isa = XCConfigurationList;
			buildConfigurations = (
				D0CD06562B36D81C5DEC22AF /* Debug */,
				F13323B740725520714A9123 /* Release */,
			);
			defaultConfigurationIsVisible = 0;
			defaultConfigurationName = Debug;
		};
		CCAD43F08BB8EEE17B7F61F7 /* Build configuration list for PBXNativeTarget "SayVoice" */ = {
			isa = XCConfigurationList;
			buildConfigurations = (
				9CDC0931E8A2595DC9441C5C /* Debug */,
				9D743E5B675F21B74EB7C7EF /* Release */,
			);
			defaultConfigurationIsVisible = 0;
			defaultConfigurationName = Debug;
		};
		DC9562AF2D45F90F2F603B0B /* Build configuration list for PBXNativeTarget "SayVoiceTests" */ = {
			isa = XCConfigurationList;
			buildConfigurations = (
				1EA1BDC6979A6CC93F8DEE5E /* Debug */,
				EB0FC4DBA2BE27DA62A67154 /* Release */,
			);
			defaultConfigurationIsVisible = 0;
			defaultConfigurationName = Debug;
		};
/* End XCConfigurationList section */

/* Begin XCLocalSwiftPackageReference section */
		74033F23159AF731184653C3 /* XCLocalSwiftPackageReference "Packages/CWhisper" */ = {
			isa = XCLocalSwiftPackageReference;
			relativePath = Packages/CWhisper;
		};
/* End XCLocalSwiftPackageReference section */

/* Begin XCSwiftPackageProductDependency section */
		9813D7F6E6DA4A55316B3781 /* WhisperSwift */ = {
			isa = XCSwiftPackageProductDependency;
			productName = WhisperSwift;
		};
/* End XCSwiftPackageProductDependency section */
	};
	rootObject = F5CDAC7D07A8012C9EA90A46 /* Project object */;
}
